{
  "name": "traffic_statechart",
  "version": "1.0.0",
  "lockfileVersion": 1,
  "requires": true,
  "dependencies": {
    "xstate": {
      "version": "4.2.2",
      "resolved": "https://registry.npmjs.org/xstate/-/xstate-4.2.2.tgz",
      "integrity": "sha512-EDYvtdUyGX6bbjQ7vs+GQyc6OjXg+5ovLdm9zKMTV0uRpR1WbDywFPRZj4LWzUvkdFJJr3kHx3r5pkpzrWLg0Q=="
    }
  }
}
